
Microsoft Visual Studio Solution File, Format Version 12.00
# Visual Studio 15
Project("{FAE04EC0-301F-11D3-BF4B-00C04F79EFBC}") = "UnityEngine.TestRunner", "UnityEngine.TestRunner.csproj", "{A855D5AC-3A0A-E487-E17E-0705BC8B1F28}"
EndProject
Project("{FAE04EC0-301F-11D3-BF4B-00C04F79EFBC}") = "Unity.Mathematics", "Unity.Mathematics.csproj", "{83310291-D574-0CA8-4D63-174825123BF8}"
EndProject
Project("{FAE04EC0-301F-11D3-BF4B-00C04F79EFBC}") = "Unity.InputSystem", "Unity.InputSystem.csproj", "{A989B156-C5C6-50FB-4AB0-27EE0290B199}"
EndProject
Project("{FAE04EC0-301F-11D3-BF4B-00C04F79EFBC}") = "Unity.2D.Animation.Triangle.Runtime", "Unity.2D.Animation.Triangle.Runtime.csproj", "{799E5FDC-F0AB-C731-5B1D-A3193F3E23EC}"
EndProject
Project("{FAE04EC0-301F-11D3-BF4B-00C04F79EFBC}") = "Unity.Timeline", "Unity.Timeline.csproj", "{D6ED96E4-6368-1243-6EA3-DC2D3B65554A}"
EndProject
Project("{FAE04EC0-301F-11D3-BF4B-00C04F79EFBC}") = "UnityEngine.UI", "UnityEngine.UI.csproj", "{01602C4E-8D38-987B-34DF-05A2ED83E5D8}"
EndProject
Project("{FAE04EC0-301F-11D3-BF4B-00C04F79EFBC}") = "Unity.TextMeshPro", "Unity.TextMeshPro.csproj", "{1FB2AFC1-367F-1C5E-7BED-B674FD4129D2}"
EndProject
Project("{FAE04EC0-301F-11D3-BF4B-00C04F79EFBC}") = "Unity.2D.Animation.Runtime", "Unity.2D.Animation.Runtime.csproj", "{30A5A965-AB1C-517B-CA35-51B7BBD83A7B}"
EndProject
Project("{FAE04EC0-301F-11D3-BF4B-00C04F79EFBC}") = "Unity.2D.IK.Runtime", "Unity.2D.IK.Runtime.csproj", "{834BC277-CF07-70E6-6F38-980323FA269C}"
EndProject
Project("{FAE04EC0-301F-11D3-BF4B-00C04F79EFBC}") = "Unity.2D.SpriteShape.Runtime", "Unity.2D.SpriteShape.Runtime.csproj", "{7831CBB3-7A9A-ED1E-A2AE-8CD432AF2588}"
EndProject
Project("{FAE04EC0-301F-11D3-BF4B-00C04F79EFBC}") = "Unity.2D.PixelPerfect", "Unity.2D.PixelPerfect.csproj", "{634BB493-DEAF-CD77-52D1-669BE0F64B93}"
EndProject
Project("{FAE04EC0-301F-11D3-BF4B-00C04F79EFBC}") = "Assembly-CSharp", "Assembly-CSharp.csproj", "{27AD57AD-0552-A90C-3948-2BB1A4D96D40}"
EndProject
Project("{FAE04EC0-301F-11D3-BF4B-00C04F79EFBC}") = "Unity.2D.Common.Runtime", "Unity.2D.Common.Runtime.csproj", "{A11DF432-3466-462F-E1DB-93CF822696D9}"
EndProject
Project("{FAE04EC0-301F-11D3-BF4B-00C04F79EFBC}") = "Unity.InternalAPIEngineBridge.001", "Unity.InternalAPIEngineBridge.001.csproj", "{CFA7EA4D-2430-13C7-40FD-7EA58BF751D5}"
EndProject
Project("{FAE04EC0-301F-11D3-BF4B-00C04F79EFBC}") = "Unity.Timeline.Editor", "Unity.Timeline.Editor.csproj", "{DD1FA6E6-2CC8-E995-EF07-36226588CBE8}"
EndProject
Project("{FAE04EC0-301F-11D3-BF4B-00C04F79EFBC}") = "Unity.TextMeshPro.Editor", "Unity.TextMeshPro.Editor.csproj", "{A7FEFDE0-09B6-A80A-BEE4-540E3DDB9801}"
EndProject
Project("{FAE04EC0-301F-11D3-BF4B-00C04F79EFBC}") = "Unity.2D.Animation.Editor", "Unity.2D.Animation.Editor.csproj", "{D7D1C909-03E2-2944-FE75-EDD46B738E11}"
EndProject
Project("{FAE04EC0-301F-11D3-BF4B-00C04F79EFBC}") = "UnityEditor.TestRunner", "UnityEditor.TestRunner.csproj", "{17735737-2782-7A65-7C57-D1E7923F11F4}"
EndProject
Project("{FAE04EC0-301F-11D3-BF4B-00C04F79EFBC}") = "Unity.PlasticSCM.Editor", "Unity.PlasticSCM.Editor.csproj", "{70B8C3EE-C6CB-FA7B-3CAA-6DB84264E8BB}"
EndProject
Project("{FAE04EC0-301F-11D3-BF4B-00C04F79EFBC}") = "UnityEditor.UI", "UnityEditor.UI.csproj", "{1E7DC454-7A6A-A55D-90AD-76EB0BA731D6}"
EndProject
Project("{FAE04EC0-301F-11D3-BF4B-00C04F79EFBC}") = "Unity.Services.Core.Editor", "Unity.Services.Core.Editor.csproj", "{B648760C-7E3C-D731-AD24-96F5CCF49744}"
EndProject
Project("{FAE04EC0-301F-11D3-BF4B-00C04F79EFBC}") = "Unity.VisualStudio.Editor", "Unity.VisualStudio.Editor.csproj", "{1418877A-EC53-10C1-3D28-33C4D0E08026}"
EndProject
Project("{FAE04EC0-301F-11D3-BF4B-00C04F79EFBC}") = "Unity.2D.Psdimporter.Editor", "Unity.2D.Psdimporter.Editor.csproj", "{496EF180-F0D4-9865-B9DB-688D0EE2FF45}"
EndProject
Project("{FAE04EC0-301F-11D3-BF4B-00C04F79EFBC}") = "Unity.2D.SpriteShape.Editor", "Unity.2D.SpriteShape.Editor.csproj", "{1C986D13-8EDA-F707-9B7E-EF281FFE9C4E}"
EndProject
Project("{FAE04EC0-301F-11D3-BF4B-00C04F79EFBC}") = "Unity.CollabProxy.Editor", "Unity.CollabProxy.Editor.csproj", "{734DBDCE-73F4-91FF-3429-F41C03786CA2}"
EndProject
Project("{FAE04EC0-301F-11D3-BF4B-00C04F79EFBC}") = "PsdPlugin", "PsdPlugin.csproj", "{ED410C3A-CDB1-082B-8607-14CEDC954AD1}"
EndProject
Project("{FAE04EC0-301F-11D3-BF4B-00C04F79EFBC}") = "Unity.2D.Path.Editor", "Unity.2D.Path.Editor.csproj", "{9130D2C2-7AE5-B1A3-4710-D08037FB1855}"
EndProject
Project("{FAE04EC0-301F-11D3-BF4B-00C04F79EFBC}") = "Unity.Rider.Editor", "Unity.Rider.Editor.csproj", "{68A592B1-E111-2B37-35ED-8EDEB729F6AF}"
EndProject
Project("{FAE04EC0-301F-11D3-BF4B-00C04F79EFBC}") = "Unity.2D.IK.Editor", "Unity.2D.IK.Editor.csproj", "{239E0CF7-6933-893B-E1EF-D459170993F7}"
EndProject
Project("{FAE04EC0-301F-11D3-BF4B-00C04F79EFBC}") = "Unity.2D.Sprite.Editor", "Unity.2D.Sprite.Editor.csproj", "{C68DF0CA-CD03-2BE5-26C0-B32CA80C8E06}"
EndProject
Project("{FAE04EC0-301F-11D3-BF4B-00C04F79EFBC}") = "Unity.2D.Tilemap.Editor", "Unity.2D.Tilemap.Editor.csproj", "{5455C6A5-3182-ECDB-47A2-4A6097E56622}"
EndProject
Project("{FAE04EC0-301F-11D3-BF4B-00C04F79EFBC}") = "Unity.2D.PixelPerfect.Editor", "Unity.2D.PixelPerfect.Editor.csproj", "{5D443DA5-AB96-13E0-7B1E-56D9EFE85210}"
EndProject
Project("{FAE04EC0-301F-11D3-BF4B-00C04F79EFBC}") = "Unity.VSCode.Editor", "Unity.VSCode.Editor.csproj", "{6B9685BE-5C4B-9186-DD53-86FE7A964A78}"
EndProject
Project("{FAE04EC0-301F-11D3-BF4B-00C04F79EFBC}") = "Unity.2D.Common.Editor", "Unity.2D.Common.Editor.csproj", "{6664CA53-749A-7DA9-0E6A-B0F4F4266594}"
EndProject
Project("{FAE04EC0-301F-11D3-BF4B-00C04F79EFBC}") = "Unity.Mathematics.Editor", "Unity.Mathematics.Editor.csproj", "{CF972E44-EDDD-2F4E-680E-1F0434D37173}"
EndProject
Project("{FAE04EC0-301F-11D3-BF4B-00C04F79EFBC}") = "Unity.InternalAPIEditorBridge.001", "Unity.InternalAPIEditorBridge.001.csproj", "{1986FE9D-9A33-0E06-88AE-A05868A1F789}"
EndProject
Global
	GlobalSection(SolutionConfigurationPlatforms) = preSolution
		Debug|Any CPU = Debug|Any CPU
		Release|Any CPU = Release|Any CPU
	EndGlobalSection
	GlobalSection(ProjectConfigurationPlatforms) = postSolution
		{A855D5AC-3A0A-E487-E17E-0705BC8B1F28}.Debug|Any CPU.ActiveCfg = Debug|Any CPU
		{A855D5AC-3A0A-E487-E17E-0705BC8B1F28}.Debug|Any CPU.Build.0 = Debug|Any CPU
		{A855D5AC-3A0A-E487-E17E-0705BC8B1F28}.Release|Any CPU.ActiveCfg = Release|Any CPU
		{A855D5AC-3A0A-E487-E17E-0705BC8B1F28}.Release|Any CPU.Build.0 = Release|Any CPU
		{83310291-D574-0CA8-4D63-174825123BF8}.Debug|Any CPU.ActiveCfg = Debug|Any CPU
		{83310291-D574-0CA8-4D63-174825123BF8}.Debug|Any CPU.Build.0 = Debug|Any CPU
		{83310291-D574-0CA8-4D63-174825123BF8}.Release|Any CPU.ActiveCfg = Release|Any CPU
		{83310291-D574-0CA8-4D63-174825123BF8}.Release|Any CPU.Build.0 = Release|Any CPU
		{A989B156-C5C6-50FB-4AB0-27EE0290B199}.Debug|Any CPU.ActiveCfg = Debug|Any CPU
		{A989B156-C5C6-50FB-4AB0-27EE0290B199}.Debug|Any CPU.Build.0 = Debug|Any CPU
		{A989B156-C5C6-50FB-4AB0-27EE0290B199}.Release|Any CPU.ActiveCfg = Release|Any CPU
		{A989B156-C5C6-50FB-4AB0-27EE0290B199}.Release|Any CPU.Build.0 = Release|Any CPU
		{799E5FDC-F0AB-C731-5B1D-A3193F3E23EC}.Debug|Any CPU.ActiveCfg = Debug|Any CPU
		{799E5FDC-F0AB-C731-5B1D-A3193F3E23EC}.Debug|Any CPU.Build.0 = Debug|Any CPU
		{799E5FDC-F0AB-C731-5B1D-A3193F3E23EC}.Release|Any CPU.ActiveCfg = Release|Any CPU
		{799E5FDC-F0AB-C731-5B1D-A3193F3E23EC}.Release|Any CPU.Build.0 = Release|Any CPU
		{D6ED96E4-6368-1243-6EA3-DC2D3B65554A}.Debug|Any CPU.ActiveCfg = Debug|Any CPU
		{D6ED96E4-6368-1243-6EA3-DC2D3B65554A}.Debug|Any CPU.Build.0 = Debug|Any CPU
		{D6ED96E4-6368-1243-6EA3-DC2D3B65554A}.Release|Any CPU.ActiveCfg = Release|Any CPU
		{D6ED96E4-6368-1243-6EA3-DC2D3B65554A}.Release|Any CPU.Build.0 = Release|Any CPU
		{01602C4E-8D38-987B-34DF-05A2ED83E5D8}.Debug|Any CPU.ActiveCfg = Debug|Any CPU
		{01602C4E-8D38-987B-34DF-05A2ED83E5D8}.Debug|Any CPU.Build.0 = Debug|Any CPU
		{01602C4E-8D38-987B-34DF-05A2ED83E5D8}.Release|Any CPU.ActiveCfg = Release|Any CPU
		{01602C4E-8D38-987B-34DF-05A2ED83E5D8}.Release|Any CPU.Build.0 = Release|Any CPU
		{1FB2AFC1-367F-1C5E-7BED-B674FD4129D2}.Debug|Any CPU.ActiveCfg = Debug|Any CPU
		{1FB2AFC1-367F-1C5E-7BED-B674FD4129D2}.Debug|Any CPU.Build.0 = Debug|Any CPU
		{1FB2AFC1-367F-1C5E-7BED-B674FD4129D2}.Release|Any CPU.ActiveCfg = Release|Any CPU
		{1FB2AFC1-367F-1C5E-7BED-B674FD4129D2}.Release|Any CPU.Build.0 = Release|Any CPU
		{30A5A965-AB1C-517B-CA35-51B7BBD83A7B}.Debug|Any CPU.ActiveCfg = Debug|Any CPU
		{30A5A965-AB1C-517B-CA35-51B7BBD83A7B}.Debug|Any CPU.Build.0 = Debug|Any CPU
		{30A5A965-AB1C-517B-CA35-51B7BBD83A7B}.Release|Any CPU.ActiveCfg = Release|Any CPU
		{30A5A965-AB1C-517B-CA35-51B7BBD83A7B}.Release|Any CPU.Build.0 = Release|Any CPU
		{834BC277-CF07-70E6-6F38-980323FA269C}.Debug|Any CPU.ActiveCfg = Debug|Any CPU
		{834BC277-CF07-70E6-6F38-980323FA269C}.Debug|Any CPU.Build.0 = Debug|Any CPU
		{834BC277-CF07-70E6-6F38-980323FA269C}.Release|Any CPU.ActiveCfg = Release|Any CPU
		{834BC277-CF07-70E6-6F38-980323FA269C}.Release|Any CPU.Build.0 = Release|Any CPU
		{7831CBB3-7A9A-ED1E-A2AE-8CD432AF2588}.Debug|Any CPU.ActiveCfg = Debug|Any CPU
		{7831CBB3-7A9A-ED1E-A2AE-8CD432AF2588}.Debug|Any CPU.Build.0 = Debug|Any CPU
		{7831CBB3-7A9A-ED1E-A2AE-8CD432AF2588}.Release|Any CPU.ActiveCfg = Release|Any CPU
		{7831CBB3-7A9A-ED1E-A2AE-8CD432AF2588}.Release|Any CPU.Build.0 = Release|Any CPU
		{634BB493-DEAF-CD77-52D1-669BE0F64B93}.Debug|Any CPU.ActiveCfg = Debug|Any CPU
		{634BB493-DEAF-CD77-52D1-669BE0F64B93}.Debug|Any CPU.Build.0 = Debug|Any CPU
		{634BB493-DEAF-CD77-52D1-669BE0F64B93}.Release|Any CPU.ActiveCfg = Release|Any CPU
		{634BB493-DEAF-CD77-52D1-669BE0F64B93}.Release|Any CPU.Build.0 = Release|Any CPU
		{27AD57AD-0552-A90C-3948-2BB1A4D96D40}.Debug|Any CPU.ActiveCfg = Debug|Any CPU
		{27AD57AD-0552-A90C-3948-2BB1A4D96D40}.Debug|Any CPU.Build.0 = Debug|Any CPU
		{27AD57AD-0552-A90C-3948-2BB1A4D96D40}.Release|Any CPU.ActiveCfg = Release|Any CPU
		{27AD57AD-0552-A90C-3948-2BB1A4D96D40}.Release|Any CPU.Build.0 = Release|Any CPU
		{A11DF432-3466-462F-E1DB-93CF822696D9}.Debug|Any CPU.ActiveCfg = Debug|Any CPU
		{A11DF432-3466-462F-E1DB-93CF822696D9}.Debug|Any CPU.Build.0 = Debug|Any CPU
		{A11DF432-3466-462F-E1DB-93CF822696D9}.Release|Any CPU.ActiveCfg = Release|Any CPU
		{A11DF432-3466-462F-E1DB-93CF822696D9}.Release|Any CPU.Build.0 = Release|Any CPU
		{CFA7EA4D-2430-13C7-40FD-7EA58BF751D5}.Debug|Any CPU.ActiveCfg = Debug|Any CPU
		{CFA7EA4D-2430-13C7-40FD-7EA58BF751D5}.Debug|Any CPU.Build.0 = Debug|Any CPU
		{CFA7EA4D-2430-13C7-40FD-7EA58BF751D5}.Release|Any CPU.ActiveCfg = Release|Any CPU
		{CFA7EA4D-2430-13C7-40FD-7EA58BF751D5}.Release|Any CPU.Build.0 = Release|Any CPU
		{DD1FA6E6-2CC8-E995-EF07-36226588CBE8}.Debug|Any CPU.ActiveCfg = Debug|Any CPU
		{DD1FA6E6-2CC8-E995-EF07-36226588CBE8}.Debug|Any CPU.Build.0 = Debug|Any CPU
		{DD1FA6E6-2CC8-E995-EF07-36226588CBE8}.Release|Any CPU.ActiveCfg = Release|Any CPU
		{DD1FA6E6-2CC8-E995-EF07-36226588CBE8}.Release|Any CPU.Build.0 = Release|Any CPU
		{A7FEFDE0-09B6-A80A-BEE4-540E3DDB9801}.Debug|Any CPU.ActiveCfg = Debug|Any CPU
		{A7FEFDE0-09B6-A80A-BEE4-540E3DDB9801}.Debug|Any CPU.Build.0 = Debug|Any CPU
		{A7FEFDE0-09B6-A80A-BEE4-540E3DDB9801}.Release|Any CPU.ActiveCfg = Release|Any CPU
		{A7FEFDE0-09B6-A80A-BEE4-540E3DDB9801}.Release|Any CPU.Build.0 = Release|Any CPU
		{D7D1C909-03E2-2944-FE75-EDD46B738E11}.Debug|Any CPU.ActiveCfg = Debug|Any CPU
		{D7D1C909-03E2-2944-FE75-EDD46B738E11}.Debug|Any CPU.Build.0 = Debug|Any CPU
		{D7D1C909-03E2-2944-FE75-EDD46B738E11}.Release|Any CPU.ActiveCfg = Release|Any CPU
		{D7D1C909-03E2-2944-FE75-EDD46B738E11}.Release|Any CPU.Build.0 = Release|Any CPU
		{17735737-2782-7A65-7C57-D1E7923F11F4}.Debug|Any CPU.ActiveCfg = Debug|Any CPU
		{17735737-2782-7A65-7C57-D1E7923F11F4}.Debug|Any CPU.Build.0 = Debug|Any CPU
		{17735737-2782-7A65-7C57-D1E7923F11F4}.Release|Any CPU.ActiveCfg = Release|Any CPU
		{17735737-2782-7A65-7C57-D1E7923F11F4}.Release|Any CPU.Build.0 = Release|Any CPU
		{70B8C3EE-C6CB-FA7B-3CAA-6DB84264E8BB}.Debug|Any CPU.ActiveCfg = Debug|Any CPU
		{70B8C3EE-C6CB-FA7B-3CAA-6DB84264E8BB}.Debug|Any CPU.Build.0 = Debug|Any CPU
		{70B8C3EE-C6CB-FA7B-3CAA-6DB84264E8BB}.Release|Any CPU.ActiveCfg = Release|Any CPU
		{70B8C3EE-C6CB-FA7B-3CAA-6DB84264E8BB}.Release|Any CPU.Build.0 = Release|Any CPU
		{1E7DC454-7A6A-A55D-90AD-76EB0BA731D6}.Debug|Any CPU.ActiveCfg = Debug|Any CPU
		{1E7DC454-7A6A-A55D-90AD-76EB0BA731D6}.Debug|Any CPU.Build.0 = Debug|Any CPU
		{1E7DC454-7A6A-A55D-90AD-76EB0BA731D6}.Release|Any CPU.ActiveCfg = Release|Any CPU
		{1E7DC454-7A6A-A55D-90AD-76EB0BA731D6}.Release|Any CPU.Build.0 = Release|Any CPU
		{B648760C-7E3C-D731-AD24-96F5CCF49744}.Debug|Any CPU.ActiveCfg = Debug|Any CPU
		{B648760C-7E3C-D731-AD24-96F5CCF49744}.Debug|Any CPU.Build.0 = Debug|Any CPU
		{B648760C-7E3C-D731-AD24-96F5CCF49744}.Release|Any CPU.ActiveCfg = Release|Any CPU
		{B648760C-7E3C-D731-AD24-96F5CCF49744}.Release|Any CPU.Build.0 = Release|Any CPU
		{1418877A-EC53-10C1-3D28-33C4D0E08026}.Debug|Any CPU.ActiveCfg = Debug|Any CPU
		{1418877A-EC53-10C1-3D28-33C4D0E08026}.Debug|Any CPU.Build.0 = Debug|Any CPU
		{1418877A-EC53-10C1-3D28-33C4D0E08026}.Release|Any CPU.ActiveCfg = Release|Any CPU
		{1418877A-EC53-10C1-3D28-33C4D0E08026}.Release|Any CPU.Build.0 = Release|Any CPU
		{496EF180-F0D4-9865-B9DB-688D0EE2FF45}.Debug|Any CPU.ActiveCfg = Debug|Any CPU
		{496EF180-F0D4-9865-B9DB-688D0EE2FF45}.Debug|Any CPU.Build.0 = Debug|Any CPU
		{496EF180-F0D4-9865-B9DB-688D0EE2FF45}.Release|Any CPU.ActiveCfg = Release|Any CPU
		{496EF180-F0D4-9865-B9DB-688D0EE2FF45}.Release|Any CPU.Build.0 = Release|Any CPU
		{1C986D13-8EDA-F707-9B7E-EF281FFE9C4E}.Debug|Any CPU.ActiveCfg = Debug|Any CPU
		{1C986D13-8EDA-F707-9B7E-EF281FFE9C4E}.Debug|Any CPU.Build.0 = Debug|Any CPU
		{1C986D13-8EDA-F707-9B7E-EF281FFE9C4E}.Release|Any CPU.ActiveCfg = Release|Any CPU
		{1C986D13-8EDA-F707-9B7E-EF281FFE9C4E}.Release|Any CPU.Build.0 = Release|Any CPU
		{734DBDCE-73F4-91FF-3429-F41C03786CA2}.Debug|Any CPU.ActiveCfg = Debug|Any CPU
		{734DBDCE-73F4-91FF-3429-F41C03786CA2}.Debug|Any CPU.Build.0 = Debug|Any CPU
		{734DBDCE-73F4-91FF-3429-F41C03786CA2}.Release|Any CPU.ActiveCfg = Release|Any CPU
		{734DBDCE-73F4-91FF-3429-F41C03786CA2}.Release|Any CPU.Build.0 = Release|Any CPU
		{ED410C3A-CDB1-082B-8607-14CEDC954AD1}.Debug|Any CPU.ActiveCfg = Debug|Any CPU
		{ED410C3A-CDB1-082B-8607-14CEDC954AD1}.Debug|Any CPU.Build.0 = Debug|Any CPU
		{ED410C3A-CDB1-082B-8607-14CEDC954AD1}.Release|Any CPU.ActiveCfg = Release|Any CPU
		{ED410C3A-CDB1-082B-8607-14CEDC954AD1}.Release|Any CPU.Build.0 = Release|Any CPU
		{9130D2C2-7AE5-B1A3-4710-D08037FB1855}.Debug|Any CPU.ActiveCfg = Debug|Any CPU
		{9130D2C2-7AE5-B1A3-4710-D08037FB1855}.Debug|Any CPU.Build.0 = Debug|Any CPU
		{9130D2C2-7AE5-B1A3-4710-D08037FB1855}.Release|Any CPU.ActiveCfg = Release|Any CPU
		{9130D2C2-7AE5-B1A3-4710-D08037FB1855}.Release|Any CPU.Build.0 = Release|Any CPU
		{68A592B1-E111-2B37-35ED-8EDEB729F6AF}.Debug|Any CPU.ActiveCfg = Debug|Any CPU
		{68A592B1-E111-2B37-35ED-8EDEB729F6AF}.Debug|Any CPU.Build.0 = Debug|Any CPU
		{68A592B1-E111-2B37-35ED-8EDEB729F6AF}.Release|Any CPU.ActiveCfg = Release|Any CPU
		{68A592B1-E111-2B37-35ED-8EDEB729F6AF}.Release|Any CPU.Build.0 = Release|Any CPU
		{239E0CF7-6933-893B-E1EF-D459170993F7}.Debug|Any CPU.ActiveCfg = Debug|Any CPU
		{239E0CF7-6933-893B-E1EF-D459170993F7}.Debug|Any CPU.Build.0 = Debug|Any CPU
		{239E0CF7-6933-893B-E1EF-D459170993F7}.Release|Any CPU.ActiveCfg = Release|Any CPU
		{239E0CF7-6933-893B-E1EF-D459170993F7}.Release|Any CPU.Build.0 = Release|Any CPU
		{C68DF0CA-CD03-2BE5-26C0-B32CA80C8E06}.Debug|Any CPU.ActiveCfg = Debug|Any CPU
		{C68DF0CA-CD03-2BE5-26C0-B32CA80C8E06}.Debug|Any CPU.Build.0 = Debug|Any CPU
		{C68DF0CA-CD03-2BE5-26C0-B32CA80C8E06}.Release|Any CPU.ActiveCfg = Release|Any CPU
		{C68DF0CA-CD03-2BE5-26C0-B32CA80C8E06}.Release|Any CPU.Build.0 = Release|Any CPU
		{5455C6A5-3182-ECDB-47A2-4A6097E56622}.Debug|Any CPU.ActiveCfg = Debug|Any CPU
		{5455C6A5-3182-ECDB-47A2-4A6097E56622}.Debug|Any CPU.Build.0 = Debug|Any CPU
		{5455C6A5-3182-ECDB-47A2-4A6097E56622}.Release|Any CPU.ActiveCfg = Release|Any CPU
		{5455C6A5-3182-ECDB-47A2-4A6097E56622}.Release|Any CPU.Build.0 = Release|Any CPU
		{5D443DA5-AB96-13E0-7B1E-56D9EFE85210}.Debug|Any CPU.ActiveCfg = Debug|Any CPU
		{5D443DA5-AB96-13E0-7B1E-56D9EFE85210}.Debug|Any CPU.Build.0 = Debug|Any CPU
		{5D443DA5-AB96-13E0-7B1E-56D9EFE85210}.Release|Any CPU.ActiveCfg = Release|Any CPU
		{5D443DA5-AB96-13E0-7B1E-56D9EFE85210}.Release|Any CPU.Build.0 = Release|Any CPU
		{6B9685BE-5C4B-9186-DD53-86FE7A964A78}.Debug|Any CPU.ActiveCfg = Debug|Any CPU
		{6B9685BE-5C4B-9186-DD53-86FE7A964A78}.Debug|Any CPU.Build.0 = Debug|Any CPU
		{6B9685BE-5C4B-9186-DD53-86FE7A964A78}.Release|Any CPU.ActiveCfg = Release|Any CPU
		{6B9685BE-5C4B-9186-DD53-86FE7A964A78}.Release|Any CPU.Build.0 = Release|Any CPU
		{6664CA53-749A-7DA9-0E6A-B0F4F4266594}.Debug|Any CPU.ActiveCfg = Debug|Any CPU
		{6664CA53-749A-7DA9-0E6A-B0F4F4266594}.Debug|Any CPU.Build.0 = Debug|Any CPU
		{6664CA53-749A-7DA9-0E6A-B0F4F4266594}.Release|Any CPU.ActiveCfg = Release|Any CPU
		{6664CA53-749A-7DA9-0E6A-B0F4F4266594}.Release|Any CPU.Build.0 = Release|Any CPU
		{CF972E44-EDDD-2F4E-680E-1F0434D37173}.Debug|Any CPU.ActiveCfg = Debug|Any CPU
		{CF972E44-EDDD-2F4E-680E-1F0434D37173}.Debug|Any CPU.Build.0 = Debug|Any CPU
		{CF972E44-EDDD-2F4E-680E-1F0434D37173}.Release|Any CPU.ActiveCfg = Release|Any CPU
		{CF972E44-EDDD-2F4E-680E-1F0434D37173}.Release|Any CPU.Build.0 = Release|Any CPU
		{1986FE9D-9A33-0E06-88AE-A05868A1F789}.Debug|Any CPU.ActiveCfg = Debug|Any CPU
		{1986FE9D-9A33-0E06-88AE-A05868A1F789}.Debug|Any CPU.Build.0 = Debug|Any CPU
		{1986FE9D-9A33-0E06-88AE-A05868A1F789}.Release|Any CPU.ActiveCfg = Release|Any CPU
		{1986FE9D-9A33-0E06-88AE-A05868A1F789}.Release|Any CPU.Build.0 = Release|Any CPU
	EndGlobalSection
	GlobalSection(SolutionProperties) = preSolution
		HideSolutionNode = FALSE
	EndGlobalSection
EndGlobal
